{
  "name": "blueimp-nightwatch-example",
  "version": "0.0.0",
  "lockfileVersion": 1,
  "requires": true,
  "dependencies": {
    "nightwatch-video-recorder": {
      "version": "2.0.0",
      "resolved": "https://registry.npmjs.org/nightwatch-video-recorder/-/nightwatch-video-recorder-2.0.0.tgz",
      "integrity": "sha512-a4WHHmp2rgi+pv8oEEkdUhC05S31mytkcRI5u0MmeN61G5SdOD/Tm9WdEMWkvlowR7A7FzD2zi4siQQLb133vw=="
    }
  }
}
